
Microsoft Visual Studio Solution File, Format Version 12.00
# Visual Studio 14
VisualStudioVersion = 14.0.25420.1
MinimumVisualStudioVersion = 10.0.40219.1
Project("{FAE04EC0-301F-11D3-BF4B-00C04F79EFBC}") = "BalancedBrackets", "BalancedBrackets\BalancedBrackets.csproj", "{4F67028A-5572-4C40-870D-EFAD280A9C84}"
EndProject
Project("{FAE04EC0-301F-11D3-BF4B-00C04F79EFBC}") = "MaximumElement", "MaximumElement\MaximumElement.csproj", "{61420DC8-4CCE-4ED2-A5CC-4797A5E4163A}"
EndProject
Project("{FAE04EC0-301F-11D3-BF4B-00C04F79EFBC}") = "SimpleTextEditor", "SimpleTextEditor\SimpleTextEditor.csproj", "{E23291C7-C353-4F41-B6B4-2B09A69A4D5C}"
EndProject
Global
	GlobalSection(SolutionConfigurationPlatforms) = preSolution
		Debug|Any CPU = Debug|Any CPU
		Release|Any CPU = Release|Any CPU
	EndGlobalSection
	GlobalSection(ProjectConfigurationPlatforms) = postSolution
		{4F67028A-5572-4C40-870D-EFAD280A9C84}.Debug|Any CPU.ActiveCfg = Debug|Any CPU
		{4F67028A-5572-4C40-870D-EFAD280A9C84}.Debug|Any CPU.Build.0 = Debug|Any CPU
		{4F67028A-5572-4C40-870D-EFAD280A9C84}.Release|Any CPU.ActiveCfg = Release|Any CPU
		{4F67028A-5572-4C40-870D-EFAD280A9C84}.Release|Any CPU.Build.0 = Release|Any CPU
		{61420DC8-4CCE-4ED2-A5CC-4797A5E4163A}.Debug|Any CPU.ActiveCfg = Debug|Any CPU
		{61420DC8-4CCE-4ED2-A5CC-4797A5E4163A}.Debug|Any CPU.Build.0 = Debug|Any CPU
		{61420DC8-4CCE-4ED2-A5CC-4797A5E4163A}.Release|Any CPU.ActiveCfg = Release|Any CPU
		{61420DC8-4CCE-4ED2-A5CC-4797A5E4163A}.Release|Any CPU.Build.0 = Release|Any CPU
		{E23291C7-C353-4F41-B6B4-2B09A69A4D5C}.Debug|Any CPU.ActiveCfg = Debug|Any CPU
		{E23291C7-C353-4F41-B6B4-2B09A69A4D5C}.Debug|Any CPU.Build.0 = Debug|Any CPU
		{E23291C7-C353-4F41-B6B4-2B09A69A4D5C}.Release|Any CPU.ActiveCfg = Release|Any CPU
		{E23291C7-C353-4F41-B6B4-2B09A69A4D5C}.Release|Any CPU.Build.0 = Release|Any CPU
	EndGlobalSection
	GlobalSection(SolutionProperties) = preSolution
		HideSolutionNode = FALSE
	EndGlobalSection
EndGlobal
